// !$*UTF8*$!
{
	archiveVersion = 1;
	classes = {
	};
	objectVersion = 46;
	objects = {

/* Begin PBXBuildFile section */
		57B98FA5157E9CAF002E4E85 /* UIKit.framework in Frameworks */ = {isa = PBXBuildFile; fileRef = 57B98FA4157E9CAF002E4E85 /* UIKit.framework */; };
		57B98FA7157E9CAF002E4E85 /* Foundation.framework in Frameworks */ = {isa = PBXBuildFile; fileRef = 57B98FA6157E9CAF002E4E85 /* Foundation.framework */; };
		57B98FA9157E9CAF002E4E85 /* CoreGraphics.framework in Frameworks */ = {isa = PBXBuildFile; fileRef = 57B98FA8157E9CAF002E4E85 /* CoreGraphics.framework */; };
		57B98FAF157E9CAF002E4E85 /* InfoPlist.strings in Resources */ = {isa = PBXBuildFile; fileRef = 57B98FAD157E9CAF002E4E85 /* InfoPlist.strings */; };
		57B98FB1157E9CAF002E4E85 /* main.m in Sources */ = {isa = PBXBuildFile; fileRef = 57B98FB0157E9CAF002E4E85 /* main.m */; };
		57B98FB5157E9CAF002E4E85 /* BPAppDelegate.m in Sources */ = {isa = PBXBuildFile; fileRef = 57B98FB4157E9CAF002E4E85 /* BPAppDelegate.m */; };
		57B98FB8157E9CAF002E4E85 /* BPViewController.m in Sources */ = {isa = PBXBuildFile; fileRef = 57B98FB7157E9CAF002E4E85 /* BPViewController.m */; };
		57B98FC3157E9CCD002E4E85 /* BPContentView.m in Sources */ = {isa = PBXBuildFile; fileRef = 57B98FC2157E9CCD002E4E85 /* BPContentView.m */; };
/* End PBXBuildFile section */

/* Begin PBXFileReference section */
		57B98FA0157E9CAF002E4E85 /* BPContentView.app */ = {isa = PBXFileReference; explicitFileType = wrapper.application; includeInIndex = 0; path = BPContentView.app; sourceTree = BUILT_PRODUCTS_DIR; };
		57B98FA4157E9CAF002E4E85 /* UIKit.framework */ = {isa = PBXFileReference; lastKnownFileType = wrapper.framework; name = UIKit.framework; path = System/Library/Frameworks/UIKit.framework; sourceTree = SDKROOT; };
		57B98FA6157E9CAF002E4E85 /* Foundation.framework */ = {isa = PBXFileReference; lastKnownFileType = wrapper.framework; name = Foundation.framework; path = System/Library/Frameworks/Foundation.framework; sourceTree = SDKROOT; };
		57B98FA8157E9CAF002E4E85 /* CoreGraphics.framework */ = {isa = PBXFileReference; lastKnownFileType = wrapper.framework; name = CoreGraphics.framework; path = System/Library/Frameworks/CoreGraphics.framework; sourceTree = SDKROOT; };
		57B98FAC157E9CAF002E4E85 /* BPContentView-Info.plist */ = {isa = PBXFileReference; lastKnownFileType = text.plist.xml; path = "BPContentView-Info.plist"; sourceTree = "<group>"; };
		57B98FAE157E9CAF002E4E85 /* en */ = {isa = PBXFileReference; lastKnownFileType = text.plist.strings; name = en; path = en.lproj/InfoPlist.strings; sourceTree = "<group>"; };
		57B98FB0157E9CAF002E4E85 /* main.m */ = {isa = PBXFileReference; lastKnownFileType = sourcecode.c.objc; path = main.m; sourceTree = "<group>"; };
		57B98FB2157E9CAF002E4E85 /* BPContentView-Prefix.pch */ = {isa = PBXFileReference; lastKnownFileType = sourcecode.c.h; path = "BPContentView-Prefix.pch"; sourceTree = "<group>"; };
		57B98FB3157E9CAF002E4E85 /* BPAppDelegate.h */ = {isa = PBXFileReference; lastKnownFileType = sourcecode.c.h; path = BPAppDelegate.h; sourceTree = "<group>"; };
		57B98FB4157E9CAF002E4E85 /* BPAppDelegate.m */ = {isa = PBXFileReference; lastKnownFileType = sourcecode.c.objc; path = BPAppDelegate.m; sourceTree = "<group>"; };
		57B98FB6157E9CAF002E4E85 /* BPViewController.h */ = {isa = PBXFileReference; lastKnownFileType = sourcecode.c.h; path = BPViewController.h; sourceTree = "<group>"; };
		57B98FB7157E9CAF002E4E85 /* BPViewController.m */ = {isa = PBXFileReference; lastKnownFileType = sourcecode.c.objc; path = BPViewController.m; sourceTree = "<group>"; };
		57B98FC1157E9CCD002E4E85 /* BPContentView.h */ = {isa = PBXFileReference; fileEncoding = 4; lastKnownFileType = sourcecode.c.h; name = BPContentView.h; path = BPContentView/BPContentView.h; sourceTree = "<group>"; };
		57B98FC2157E9CCD002E4E85 /* BPContentView.m */ = {isa = PBXFileReference; fileEncoding = 4; lastKnownFileType = sourcecode.c.objc; name = BPContentView.m; path = BPContentView/BPContentView.m; sourceTree = "<group>"; };
/* End PBXFileReference section */

/* Begin PBXFrameworksBuildPhase section */
		57B98F9D157E9CAF002E4E85 /* Frameworks */ = {
			isa = PBXFrameworksBuildPhase;
			buildActionMask = 2147483647;
			files = (
				57B98FA5157E9CAF002E4E85 /* UIKit.framework in Frameworks */,
				57B98FA7157E9CAF002E4E85 /* Foundation.framework in Frameworks */,
				57B98FA9157E9CAF002E4E85 /* CoreGraphics.framework in Frameworks */,
			);
			runOnlyForDeploymentPostprocessing = 0;
		};
/* End PBXFrameworksBuildPhase section */

/* Begin PBXGroup section */
		57B98F95157E9CAF002E4E85 = {
			isa = PBXGroup;
			children = (
				57B98FAA157E9CAF002E4E85 /* BPContentView */,
				57B98FA3157E9CAF002E4E85 /* Frameworks */,
				57B98FA1157E9CAF002E4E85 /* Products */,
			);
			sourceTree = "<group>";
		};
		57B98FA1157E9CAF002E4E85 /* Products */ = {
			isa = PBXGroup;
			children = (
				57B98FA0157E9CAF002E4E85 /* BPContentView.app */,
			);
			name = Products;
			sourceTree = "<group>";
		};
		57B98FA3157E9CAF002E4E85 /* Frameworks */ = {
			isa = PBXGroup;
			children = (
				57B98FA4157E9CAF002E4E85 /* UIKit.framework */,
				57B98FA6157E9CAF002E4E85 /* Foundation.framework */,
				57B98FA8157E9CAF002E4E85 /* CoreGraphics.framework */,
			);
			name = Frameworks;
			sourceTree = "<group>";
		};
		57B98FAA157E9CAF002E4E85 /* BPContentView */ = {
			isa = PBXGroup;
			children = (
				57B98FC4157E9CD1002E4E85 /* BPContentView */,
				57B98FB3157E9CAF002E4E85 /* BPAppDelegate.h */,
				57B98FB4157E9CAF002E4E85 /* BPAppDelegate.m */,
				57B98FB6157E9CAF002E4E85 /* BPViewController.h */,
				57B98FB7157E9CAF002E4E85 /* BPViewController.m */,
				57B98FAB157E9CAF002E4E85 /* Supporting Files */,
			);
			path = BPContentView;
			sourceTree = "<group>";
		};
		57B98FAB157E9CAF002E4E85 /* Supporting Files */ = {
			isa = PBXGroup;
			children = (
				57B98FAC157E9CAF002E4E85 /* BPContentView-Info.plist */,
				57B98FAD157E9CAF002E4E85 /* InfoPlist.strings */,
				57B98FB0157E9CAF002E4E85 /* main.m */,
				57B98FB2157E9CAF002E4E85 /* BPContentView-Prefix.pch */,
			);
			name = "Supporting Files";
			sourceTree = "<group>";
		};
		57B98FC4157E9CD1002E4E85 /* BPContentView */ = {
			isa = PBXGroup;
			children = (
				57B98FC1157E9CCD002E4E85 /* BPContentView.h */,
				57B98FC2157E9CCD002E4E85 /* BPContentView.m */,
			);
			name = BPContentView;
			sourceTree = "<group>";
		};
/* End PBXGroup section */

/* Begin PBXNativeTarget section */
		57B98F9F157E9CAF002E4E85 /* BPContentView */ = {
			isa = PBXNativeTarget;
			buildConfigurationList = 57B98FBE157E9CAF002E4E85 /* Build configuration list for PBXNativeTarget "BPContentView" */;
			buildPhases = (
				57B98F9C157E9CAF002E4E85 /* Sources */,
				57B98F9D157E9CAF002E4E85 /* Frameworks */,
				57B98F9E157E9CAF002E4E85 /* Resources */,
			);
			buildRules = (
			);
			dependencies = (
			);
			name = BPContentView;
			productName = BPContentView;
			productReference = 57B98FA0157E9CAF002E4E85 /* BPContentView.app */;
			productType = "com.apple.product-type.application";
		};
/* End PBXNativeTarget section */

/* Begin PBXProject section */
		57B98F97157E9CAF002E4E85 /* Project object */ = {
			isa = PBXProject;
			attributes = {
				CLASSPREFIX = BP;
				LastUpgradeCheck = 0430;
			};
			buildConfigurationList = 57B98F9A157E9CAF002E4E85 /* Build configuration list for PBXProject "BPContentView" */;
			compatibilityVersion = "Xcode 3.2";
			developmentRegion = English;
			hasScannedForEncodings = 0;
			knownRegions = (
				en,
			);
			mainGroup = 57B98F95157E9CAF002E4E85;
			productRefGroup = 57B98FA1157E9CAF002E4E85 /* Products */;
			projectDirPath = "";
			projectRoot = "";
			targets = (
				57B98F9F157E9CAF002E4E85 /* BPContentView */,
			);
		};
/* End PBXProject section */

/* Begin PBXResourcesBuildPhase section */
		57B98F9E157E9CAF002E4E85 /* Resources */ = {
			isa = PBXResourcesBuildPhase;
			buildActionMask = 2147483647;
			files = (
				57B98FAF157E9CAF002E4E85 /* InfoPlist.strings in Resources */,
			);
			runOnlyForDeploymentPostprocessing = 0;
		};
/* End PBXResourcesBuildPhase section */

/* Begin PBXSourcesBuildPhase section */
		57B98F9C157E9CAF002E4E85 /* Sources */ = {
			isa = PBXSourcesBuildPhase;
			buildActionMask = 2147483647;
			files = (
				57B98FB1157E9CAF002E4E85 /* main.m in Sources */,
				57B98FB5157E9CAF002E4E85 /* BPAppDelegate.m in Sources */,
				57B98FB8157E9CAF002E4E85 /* BPViewController.m in Sources */,
				57B98FC3157E9CCD002E4E85 /* BPContentView.m in Sources */,
			);
			runOnlyForDeploymentPostprocessing = 0;
		};
/* End PBXSourcesBuildPhase section */

/* Begin PBXVariantGroup section */
		57B98FAD157E9CAF002E4E85 /* InfoPlist.strings */ = {
			isa = PBXVariantGroup;
			children = (
				57B98FAE157E9CAF002E4E85 /* en */,
			);
			name = InfoPlist.strings;
			sourceTree = "<group>";
		};
/* End PBXVariantGroup section */

/* Begin XCBuildConfiguration section */
		57B98FBC157E9CAF002E4E85 /* Debug */ = {
			isa = XCBuildConfiguration;
			buildSettings = {
				ALWAYS_SEARCH_USER_PATHS = NO;
				ARCHS = "$(ARCHS_STANDARD_32_BIT)";
				CLANG_ENABLE_OBJC_ARC = YES;
				"CODE_SIGN_IDENTITY[sdk=iphoneos*]" = "iPhone Developer";
				COPY_PHASE_STRIP = NO;
				GCC_C_LANGUAGE_STANDARD = gnu99;
				GCC_DYNAMIC_NO_PIC = NO;
				GCC_OPTIMIZATION_LEVEL = 0;
				GCC_PREPROCESSOR_DEFINITIONS = (
					"DEBUG=1",
					"$(inherited)",
				);
				GCC_SYMBOLS_PRIVATE_EXTERN = NO;
				GCC_VERSION = com.apple.compilers.llvm.clang.1_0;
				GCC_WARN_ABOUT_RETURN_TYPE = YES;
				GCC_WARN_UNINITIALIZED_AUTOS = YES;
				GCC_WARN_UNUSED_VARIABLE = YES;
				IPHONEOS_DEPLOYMENT_TARGET = 5.1;
				SDKROOT = iphoneos;
			};
			name = Debug;
		};
		57B98FBD157E9CAF002E4E85 /* Release */ = {
			isa = XCBuildConfiguration;
			buildSettings = {
				ALWAYS_SEARCH_USER_PATHS = NO;
				ARCHS = "$(ARCHS_STANDARD_32_BIT)";
				CLANG_ENABLE_OBJC_ARC = YES;
				"CODE_SIGN_IDENTITY[sdk=iphoneos*]" = "iPhone Developer";
				COPY_PHASE_STRIP = YES;
				GCC_C_LANGUAGE_STANDARD = gnu99;
				GCC_VERSION = com.apple.compilers.llvm.clang.1_0;
				GCC_WARN_ABOUT_RETURN_TYPE = YES;
				GCC_WARN_UNINITIALIZED_AUTOS = YES;
				GCC_WARN_UNUSED_VARIABLE = YES;
				IPHONEOS_DEPLOYMENT_TARGET = 5.1;
				OTHER_CFLAGS = "-DNS_BLOCK_ASSERTIONS=1";
				SDKROOT = iphoneos;
				VALIDATE_PRODUCT = YES;
			};
			name = Release;
		};
		57B98FBF157E9CAF002E4E85 /* Debug */ = {
			isa = XCBuildConfiguration;
			buildSettings = {
				GCC_PRECOMPILE_PREFIX_HEADER = YES;
				GCC_PREFIX_HEADER = "BPContentView/BPContentView-Prefix.pch";
				INFOPLIST_FILE = "BPContentView/BPContentView-Info.plist";
				PRODUCT_NAME = "$(TARGET_NAME)";
				WRAPPER_EXTENSION = app;
			};
			name = Debug;
		};
		57B98FC0157E9CAF002E4E85 /* Release */ = {
			isa = XCBuildConfiguration;
			buildSettings = {
				GCC_PRECOMPILE_PREFIX_HEADER = YES;
				GCC_PREFIX_HEADER = "BPContentView/BPContentView-Prefix.pch";
				INFOPLIST_FILE = "BPContentView/BPContentView-Info.plist";
				PRODUCT_NAME = "$(TARGET_NAME)";
				WRAPPER_EXTENSION = app;
			};
			name = Release;
		};
/* End XCBuildConfiguration section */

/* Begin XCConfigurationList section */
		57B98F9A157E9CAF002E4E85 /* Build configuration list for PBXProject "BPContentView" */ = {
			isa = XCConfigurationList;
			buildConfigurations = (
				57B98FBC157E9CAF002E4E85 /* Debug */,
				57B98FBD157E9CAF002E4E85 /* Release */,
			);
			defaultConfigurationIsVisible = 0;
			defaultConfigurationName = Release;
		};
		57B98FBE157E9CAF002E4E85 /* Build configuration list for PBXNativeTarget "BPContentView" */ = {
			isa = XCConfigurationList;
			buildConfigurations = (
				57B98FBF157E9CAF002E4E85 /* Debug */,
				57B98FC0157E9CAF002E4E85 /* Release */,
			);
			defaultConfigurationIsVisible = 0;
		};
/* End XCConfigurationList section */
	};
	rootObject = 57B98F97157E9CAF002E4E85 /* Project object */;
}
